
Microsoft Visual Studio Solution File, Format Version 12.00
# Visual Studio Version 16
VisualStudioVersion = 16.0.31410.357
MinimumVisualStudioVersion = 10.0.40219.1
Project("{FAE04EC0-301F-11D3-BF4B-00C04F79EFBC}") = "ExadelTestWork", "ExadelTestWork.csproj", "{98F45D5C-957A-4B18-A8A2-0B381933C087}"
EndProject
Global
	GlobalSection(SolutionConfigurationPlatforms) = preSolution
		Debug|Any CPU = Debug|Any CPU
		Release|Any CPU = Release|Any CPU
	EndGlobalSection
	GlobalSection(ProjectConfigurationPlatforms) = postSolution
		{98F45D5C-957A-4B18-A8A2-0B381933C087}.Debug|Any CPU.ActiveCfg = Debug|Any CPU
		{98F45D5C-957A-4B18-A8A2-0B381933C087}.Debug|Any CPU.Build.0 = Debug|Any CPU
		{98F45D5C-957A-4B18-A8A2-0B381933C087}.Release|Any CPU.ActiveCfg = Release|Any CPU
		{98F45D5C-957A-4B18-A8A2-0B381933C087}.Release|Any CPU.Build.0 = Release|Any CPU
	EndGlobalSection
	GlobalSection(SolutionProperties) = preSolution
		HideSolutionNode = FALSE
	EndGlobalSection
	GlobalSection(ExtensibilityGlobals) = postSolution
		EnterpriseLibraryConfigurationToolBinariesPathV6 = packages\EnterpriseLibrary.Common.6.0.1304.0\lib\NET45;packages\EnterpriseLibrary.Validation.6.0.1304.0\lib\NET45
		SolutionGuid = {F6763ECE-97DE-4ADD-9CF6-C9F2D98B20BE}
	EndGlobalSection
EndGlobal
